github.com/0xdsqr/go-click v0.0.0-20260417220548-c73a38101987 h1:5zpfmCeXZHNrpy7uCJ06db0ZCuxq9zdJh91ALxtTSAs=
github.com/0xdsqr/go-click v0.0.0-20260417220548-c73a38101987/go.mod h1:ApEu3CghBTEI+Mi1RqPmAQlH45toAoUI36bZQs9ak8M=
github.com/0xdsqr/go-click v0.0.0-20260421001302-f0f83ead566d h1:+PLaSyQDBsjt7yH68Lvy8hgVDJUUFI42nPNwtVIr9is=
github.com/0xdsqr/go-click v0.0.0-20260421001302-f0f83ead566d/go.mod h1:ApEu3CghBTEI+Mi1RqPmAQlH45toAoUI36bZQs9ak8M=
